
Microsoft Visual Studio Solution File, Format Version 12.00
# Visual Studio Version 17
VisualStudioVersion = 17.12.35209.166
MinimumVisualStudioVersion = 10.0.40219.1
Project("{FAE04EC0-301F-11D3-BF4B-00C04F79EFBC}") = "Largest", "Largest\Largest.csproj", "{B46AAA2D-94F1-4223-81FC-6DD54AF48DB2}"
EndProject
Global
	GlobalSection(SolutionConfigurationPlatforms) = preSolution
		Debug|Any CPU = Debug|Any CPU
		Release|Any CPU = Release|Any CPU
	EndGlobalSection
	GlobalSection(ProjectConfigurationPlatforms) = postSolution
		{B46AAA2D-94F1-4223-81FC-6DD54AF48DB2}.Debug|Any CPU.ActiveCfg = Debug|Any CPU
		{B46AAA2D-94F1-4223-81FC-6DD54AF48DB2}.Debug|Any CPU.Build.0 = Debug|Any CPU
		{B46AAA2D-94F1-4223-81FC-6DD54AF48DB2}.Release|Any CPU.ActiveCfg = Release|Any CPU
		{B46AAA2D-94F1-4223-81FC-6DD54AF48DB2}.Release|Any CPU.Build.0 = Release|Any CPU
	EndGlobalSection
	GlobalSection(SolutionProperties) = preSolution
		HideSolutionNode = FALSE
	EndGlobalSection
	GlobalSection(ExtensibilityGlobals) = postSolution
		SolutionGuid = {1A1C84D7-3DB6-4E1D-BC98-DDBA842A2AD0}
	EndGlobalSection
EndGlobal
